PODS:
  - Alamofire (4.8.1)
  - MastercardOAuth (0.5.0)

DEPENDENCIES:
  - Alamofire (~> 4.0)
  - MastercardOAuth (from `../`)

SPEC REPOS:
  https://github.com/cocoapods/specs.git:
    - Alamofire

EXTERNAL SOURCES:
  MastercardOAuth:
    :path: "../"

SPEC CHECKSUMS:
  Alamofire: 16ce2c353fb72865124ddae8a57c5942388f4f11
  MastercardOAuth: 0341adc5318aa8927ee9a78d34699142962a9d36

PODFILE CHECKSUM: c681154846034c32e342f48e5670a36803635281

COCOAPODS: 1.5.3
